
Microsoft Visual Studio Solution File, Format Version 10.00
# Visual Studio 2008
Project("{F184B08F-C81C-45F6-A57F-5ABD9991F28F}") = "CameraShyCracker", "CameraShyCracker\CameraShyCracker.vbproj", "{7DAD9E3E-4A2F-4352-91B2-F323BECD5F14}"
EndProject
Global
	GlobalSection(SolutionConfigurationPlatforms) = preSolution
		Debug|Any CPU = Debug|Any CPU
		Release|Any CPU = Release|Any CPU
	EndGlobalSection
	GlobalSection(ProjectConfigurationPlatforms) = postSolution
		{7DAD9E3E-4A2F-4352-91B2-F323BECD5F14}.Debug|Any CPU.ActiveCfg = Debug|Any CPU
		{7DAD9E3E-4A2F-4352-91B2-F323BECD5F14}.Debug|Any CPU.Build.0 = Debug|Any CPU
		{7DAD9E3E-4A2F-4352-91B2-F323BECD5F14}.Release|Any CPU.ActiveCfg = Release|Any CPU
		{7DAD9E3E-4A2F-4352-91B2-F323BECD5F14}.Release|Any CPU.Build.0 = Release|Any CPU
	EndGlobalSection
	GlobalSection(SolutionProperties) = preSolution
		HideSolutionNode = FALSE
	EndGlobalSection
EndGlobal
